// !$*UTF8*$!
{
	archiveVersion = 1;
	classes = {
	};
	objectVersion = 46;
	objects = {

/* Begin PBXBuildFile section */
		58CB345E19B9238000B50F19 /* Foundation.framework in Frameworks */ = {isa = PBXBuildFile; fileRef = 58CB345D19B9238000B50F19 /* Foundation.framework */; };
		58CB346019B9238000B50F19 /* CoreGraphics.framework in Frameworks */ = {isa = PBXBuildFile; fileRef = 58CB345F19B9238000B50F19 /* CoreGraphics.framework */; };
		58CB346219B9238000B50F19 /* UIKit.framework in Frameworks */ = {isa = PBXBuildFile; fileRef = 58CB346119B9238000B50F19 /* UIKit.framework */; };
		58CB346819B9238000B50F19 /* InfoPlist.strings in Resources */ = {isa = PBXBuildFile; fileRef = 58CB346619B9238000B50F19 /* InfoPlist.strings */; };
		58CB346A19B9238000B50F19 /* main.m in Sources */ = {isa = PBXBuildFile; fileRef = 58CB346919B9238000B50F19 /* main.m */; };
		58CB346E19B9238000B50F19 /* FLASHAppDelegate.m in Sources */ = {isa = PBXBuildFile; fileRef = 58CB346D19B9238000B50F19 /* FLASHAppDelegate.m */; };
		58CB347119B9238000B50F19 /* Main.storyboard in Resources */ = {isa = PBXBuildFile; fileRef = 58CB346F19B9238000B50F19 /* Main.storyboard */; };
		58CB347419B9238000B50F19 /* FLASHMasterViewController.m in Sources */ = {isa = PBXBuildFile; fileRef = 58CB347319B9238000B50F19 /* FLASHMasterViewController.m */; };
		58CB347719B9238000B50F19 /* FLASHDetailViewController.m in Sources */ = {isa = PBXBuildFile; fileRef = 58CB347619B9238000B50F19 /* FLASHDetailViewController.m */; };
		58CB347919B9238000B50F19 /* Images.xcassets in Resources */ = {isa = PBXBuildFile; fileRef = 58CB347819B9238000B50F19 /* Images.xcassets */; };
		58CB348019B9238000B50F19 /* XCTest.framework in Frameworks */ = {isa = PBXBuildFile; fileRef = 58CB347F19B9238000B50F19 /* XCTest.framework */; };
		58CB348119B9238000B50F19 /* Foundation.framework in Frameworks */ = {isa = PBXBuildFile; fileRef = 58CB345D19B9238000B50F19 /* Foundation.framework */; };
		58CB348219B9238000B50F19 /* UIKit.framework in Frameworks */ = {isa = PBXBuildFile; fileRef = 58CB346119B9238000B50F19 /* UIKit.framework */; };
		58CB348A19B9238000B50F19 /* InfoPlist.strings in Resources */ = {isa = PBXBuildFile; fileRef = 58CB348819B9238000B50F19 /* InfoPlist.strings */; };
		58CB348C19B9238000B50F19 /* FlashCardTests.m in Sources */ = {isa = PBXBuildFile; fileRef = 58CB348B19B9238000B50F19 /* FlashCardTests.m */; };
/* End PBXBuildFile section */

/* Begin PBXContainerItemProxy section */
		58CB348319B9238000B50F19 /* PBXContainerItemProxy */ = {
			isa = PBXContainerItemProxy;
			containerPortal = 58CB345219B9238000B50F19 /* Project object */;
			proxyType = 1;
			remoteGlobalIDString = 58CB345919B9238000B50F19;
			remoteInfo = FlashCard;
		};
/* End PBXContainerItemProxy section */

/* Begin PBXFileReference section */
		58CB345A19B9238000B50F19 /* FlashCard.app */ = {isa = PBXFileReference; explicitFileType = wrapper.application; includeInIndex = 0; path = FlashCard.app; sourceTree = BUILT_PRODUCTS_DIR; };
		58CB345D19B9238000B50F19 /* Foundation.framework */ = {isa = PBXFileReference; lastKnownFileType = wrapper.framework; name = Foundation.framework; path = System/Library/Frameworks/Foundation.framework; sourceTree = SDKROOT; };
		58CB345F19B9238000B50F19 /* CoreGraphics.framework */ = {isa = PBXFileReference; lastKnownFileType = wrapper.framework; name = CoreGraphics.framework; path = System/Library/Frameworks/CoreGraphics.framework; sourceTree = SDKROOT; };
		58CB346119B9238000B50F19 /* UIKit.framework */ = {isa = PBXFileReference; lastKnownFileType = wrapper.framework; name = UIKit.framework; path = System/Library/Frameworks/UIKit.framework; sourceTree = SDKROOT; };
		58CB346519B9238000B50F19 /* FlashCard-Info.plist */ = {isa = PBXFileReference; lastKnownFileType = text.plist.xml; path = "FlashCard-Info.plist"; sourceTree = "<group>"; };
		58CB346719B9238000B50F19 /* en */ = {isa = PBXFileReference; lastKnownFileType = text.plist.strings; name = en; path = en.lproj/InfoPlist.strings; sourceTree = "<group>"; };
		58CB346919B9238000B50F19 /* main.m */ = {isa = PBXFileReference; lastKnownFileType = sourcecode.c.objc; path = main.m; sourceTree = "<group>"; };
		58CB346B19B9238000B50F19 /* FlashCard-Prefix.pch */ = {isa = PBXFileReference; lastKnownFileType = sourcecode.c.h; path = "FlashCard-Prefix.pch"; sourceTree = "<group>"; };
		58CB346C19B9238000B50F19 /* FLASHAppDelegate.h */ = {isa = PBXFileReference; lastKnownFileType = sourcecode.c.h; path = FLASHAppDelegate.h; sourceTree = "<group>"; };
		58CB346D19B9238000B50F19 /* FLASHAppDelegate.m */ = {isa = PBXFileReference; lastKnownFileType = sourcecode.c.objc; path = FLASHAppDelegate.m; sourceTree = "<group>"; };
		58CB347019B9238000B50F19 /* Base */ = {isa = PBXFileReference; lastKnownFileType = file.storyboard; name = Base; path = Base.lproj/Main.storyboard; sourceTree = "<group>"; };
		58CB347219B9238000B50F19 /* FLASHMasterViewController.h */ = {isa = PBXFileReference; lastKnownFileType = sourcecode.c.h; path = FLASHMasterViewController.h; sourceTree = "<group>"; };
		58CB347319B9238000B50F19 /* FLASHMasterViewController.m */ = {isa = PBXFileReference; lastKnownFileType = sourcecode.c.objc; path = FLASHMasterViewController.m; sourceTree = "<group>"; };
		58CB347519B9238000B50F19 /* FLASHDetailViewController.h */ = {isa = PBXFileReference; lastKnownFileType = sourcecode.c.h; path = FLASHDetailViewController.h; sourceTree = "<group>"; };
		58CB347619B9238000B50F19 /* FLASHDetailViewController.m */ = {isa = PBXFileReference; lastKnownFileType = sourcecode.c.objc; path = FLASHDetailViewController.m; sourceTree = "<group>"; };
		58CB347819B9238000B50F19 /* Images.xcassets */ = {isa = PBXFileReference; lastKnownFileType = folder.assetcatalog; path = Images.xcassets; sourceTree = "<group>"; };
		58CB347E19B9238000B50F19 /* FlashCardTests.xctest */ = {isa = PBXFileReference; explicitFileType = wrapper.cfbundle; includeInIndex = 0; path = FlashCardTests.xctest; sourceTree = BUILT_PRODUCTS_DIR; };
		58CB347F19B9238000B50F19 /* XCTest.framework */ = {isa = PBXFileReference; lastKnownFileType = wrapper.framework; name = XCTest.framework; path = Library/Frameworks/XCTest.framework; sourceTree = DEVELOPER_DIR; };
		58CB348719B9238000B50F19 /* FlashCardTests-Info.plist */ = {isa = PBXFileReference; lastKnownFileType = text.plist.xml; path = "FlashCardTests-Info.plist"; sourceTree = "<group>"; };
		58CB348919B9238000B50F19 /* en */ = {isa = PBXFileReference; lastKnownFileType = text.plist.strings; name = en; path = en.lproj/InfoPlist.strings; sourceTree = "<group>"; };
		58CB348B19B9238000B50F19 /* FlashCardTests.m */ = {isa = PBXFileReference; lastKnownFileType = sourcecode.c.objc; path = FlashCardTests.m; sourceTree = "<group>"; };
/* End PBXFileReference section */

/* Begin PBXFrameworksBuildPhase section */
		58CB345719B9238000B50F19 /* Frameworks */ = {
			isa = PBXFrameworksBuildPhase;
			buildActionMask = 2147483647;
			files = (
				58CB346019B9238000B50F19 /* CoreGraphics.framework in Frameworks */,
				58CB346219B9238000B50F19 /* UIKit.framework in Frameworks */,
				58CB345E19B9238000B50F19 /* Foundation.framework in Frameworks */,
			);
			runOnlyForDeploymentPostprocessing = 0;
		};
		58CB347B19B9238000B50F19 /* Frameworks */ = {
			isa = PBXFrameworksBuildPhase;
			buildActionMask = 2147483647;
			files = (
				58CB348019B9238000B50F19 /* XCTest.framework in Frameworks */,
				58CB348219B9238000B50F19 /* UIKit.framework in Frameworks */,
				58CB348119B9238000B50F19 /* Foundation.framework in Frameworks */,
			);
			runOnlyForDeploymentPostprocessing = 0;
		};
/* End PBXFrameworksBuildPhase section */

/* Begin PBXGroup section */
		58CB345119B9238000B50F19 = {
			isa = PBXGroup;
			children = (
				58CB346319B9238000B50F19 /* FlashCard */,
				58CB348519B9238000B50F19 /* FlashCardTests */,
				58CB345C19B9238000B50F19 /* Frameworks */,
				58CB345B19B9238000B50F19 /* Products */,
			);
			sourceTree = "<group>";
		};
		58CB345B19B9238000B50F19 /* Products */ = {
			isa = PBXGroup;
			children = (
				58CB345A19B9238000B50F19 /* FlashCard.app */,
				58CB347E19B9238000B50F19 /* FlashCardTests.xctest */,
			);
			name = Products;
			sourceTree = "<group>";
		};
		58CB345C19B9238000B50F19 /* Frameworks */ = {
			isa = PBXGroup;
			children = (
				58CB345D19B9238000B50F19 /* Foundation.framework */,
				58CB345F19B9238000B50F19 /* CoreGraphics.framework */,
				58CB346119B9238000B50F19 /* UIKit.framework */,
				58CB347F19B9238000B50F19 /* XCTest.framework */,
			);
			name = Frameworks;
			sourceTree = "<group>";
		};
		58CB346319B9238000B50F19 /* FlashCard */ = {
			isa = PBXGroup;
			children = (
				58CB346C19B9238000B50F19 /* FLASHAppDelegate.h */,
				58CB346D19B9238000B50F19 /* FLASHAppDelegate.m */,
				58CB346F19B9238000B50F19 /* Main.storyboard */,
				58CB347219B9238000B50F19 /* FLASHMasterViewController.h */,
				58CB347319B9238000B50F19 /* FLASHMasterViewController.m */,
				58CB347519B9238000B50F19 /* FLASHDetailViewController.h */,
				58CB347619B9238000B50F19 /* FLASHDetailViewController.m */,
				58CB347819B9238000B50F19 /* Images.xcassets */,
				58CB346419B9238000B50F19 /* Supporting Files */,
			);
			path = FlashCard;
			sourceTree = "<group>";
		};
		58CB346419B9238000B50F19 /* Supporting Files */ = {
			isa = PBXGroup;
			children = (
				58CB346519B9238000B50F19 /* FlashCard-Info.plist */,
				58CB346619B9238000B50F19 /* InfoPlist.strings */,
				58CB346919B9238000B50F19 /* main.m */,
				58CB346B19B9238000B50F19 /* FlashCard-Prefix.pch */,
			);
			name = "Supporting Files";
			sourceTree = "<group>";
		};
		58CB348519B9238000B50F19 /* FlashCardTests */ = {
			isa = PBXGroup;
			children = (
				58CB348B19B9238000B50F19 /* FlashCardTests.m */,
				58CB348619B9238000B50F19 /* Supporting Files */,
			);
			path = FlashCardTests;
			sourceTree = "<group>";
		};
		58CB348619B9238000B50F19 /* Supporting Files */ = {
			isa = PBXGroup;
			children = (
				58CB348719B9238000B50F19 /* FlashCardTests-Info.plist */,
				58CB348819B9238000B50F19 /* InfoPlist.strings */,
			);
			name = "Supporting Files";
			sourceTree = "<group>";
		};
/* End PBXGroup section */

/* Begin PBXNativeTarget section */
		58CB345919B9238000B50F19 /* FlashCard */ = {
			isa = PBXNativeTarget;
			buildConfigurationList = 58CB348F19B9238000B50F19 /* Build configuration list for PBXNativeTarget "FlashCard" */;
			buildPhases = (
				58CB345619B9238000B50F19 /* Sources */,
				58CB345719B9238000B50F19 /* Frameworks */,
				58CB345819B9238000B50F19 /* Resources */,
			);
			buildRules = (
			);
			dependencies = (
			);
			name = FlashCard;
			productName = FlashCard;
			productReference = 58CB345A19B9238000B50F19 /* FlashCard.app */;
			productType = "com.apple.product-type.application";
		};
		58CB347D19B9238000B50F19 /* FlashCardTests */ = {
			isa = PBXNativeTarget;
			buildConfigurationList = 58CB349219B9238000B50F19 /* Build configuration list for PBXNativeTarget "FlashCardTests" */;
			buildPhases = (
				58CB347A19B9238000B50F19 /* Sources */,
				58CB347B19B9238000B50F19 /* Frameworks */,
				58CB347C19B9238000B50F19 /* Resources */,
			);
			buildRules = (
			);
			dependencies = (
				58CB348419B9238000B50F19 /* PBXTargetDependency */,
			);
			name = FlashCardTests;
			productName = FlashCardTests;
			productReference = 58CB347E19B9238000B50F19 /* FlashCardTests.xctest */;
			productType = "com.apple.product-type.bundle.unit-test";
		};
/* End PBXNativeTarget section */

/* Begin PBXProject section */
		58CB345219B9238000B50F19 /* Project object */ = {
			isa = PBXProject;
			attributes = {
				CLASSPREFIX = FLASH;
				LastUpgradeCheck = 0510;
				ORGANIZATIONNAME = "Michael Spearman";
				TargetAttributes = {
					58CB347D19B9238000B50F19 = {
						TestTargetID = 58CB345919B9238000B50F19;
					};
				};
			};
			buildConfigurationList = 58CB345519B9238000B50F19 /* Build configuration list for PBXProject "FlashCard" */;
			compatibilityVersion = "Xcode 3.2";
			developmentRegion = English;
			hasScannedForEncodings = 0;
			knownRegions = (
				en,
				Base,
			);
			mainGroup = 58CB345119B9238000B50F19;
			productRefGroup = 58CB345B19B9238000B50F19 /* Products */;
			projectDirPath = "";
			projectRoot = "";
			targets = (
				58CB345919B9238000B50F19 /* FlashCard */,
				58CB347D19B9238000B50F19 /* FlashCardTests */,
			);
		};
/* End PBXProject section */

/* Begin PBXResourcesBuildPhase section */
		58CB345819B9238000B50F19 /* Resources */ = {
			isa = PBXResourcesBuildPhase;
			buildActionMask = 2147483647;
			files = (
				58CB347919B9238000B50F19 /* Images.xcassets in Resources */,
				58CB346819B9238000B50F19 /* InfoPlist.strings in Resources */,
				58CB347119B9238000B50F19 /* Main.storyboard in Resources */,
			);
			runOnlyForDeploymentPostprocessing = 0;
		};
		58CB347C19B9238000B50F19 /* Resources */ = {
			isa = PBXResourcesBuildPhase;
			buildActionMask = 2147483647;
			files = (
				58CB348A19B9238000B50F19 /* InfoPlist.strings in Resources */,
			);
			runOnlyForDeploymentPostprocessing = 0;
		};
/* End PBXResourcesBuildPhase section */

/* Begin PBXSourcesBuildPhase section */
		58CB345619B9238000B50F19 /* Sources */ = {
			isa = PBXSourcesBuildPhase;
			buildActionMask = 2147483647;
			files = (
				58CB346A19B9238000B50F19 /* main.m in Sources */,
				58CB346E19B9238000B50F19 /* FLASHAppDelegate.m in Sources */,
				58CB347719B9238000B50F19 /* FLASHDetailViewController.m in Sources */,
				58CB347419B9238000B50F19 /* FLASHMasterViewController.m in Sources */,
			);
			runOnlyForDeploymentPostprocessing = 0;
		};
		58CB347A19B9238000B50F19 /* Sources */ = {
			isa = PBXSourcesBuildPhase;
			buildActionMask = 2147483647;
			files = (
				58CB348C19B9238000B50F19 /* FlashCardTests.m in Sources */,
			);
			runOnlyForDeploymentPostprocessing = 0;
		};
/* End PBXSourcesBuildPhase section */

/* Begin PBXTargetDependency section */
		58CB348419B9238000B50F19 /* PBXTargetDependency */ = {
			isa = PBXTargetDependency;
			target = 58CB345919B9238000B50F19 /* FlashCard */;
			targetProxy = 58CB348319B9238000B50F19 /* PBXContainerItemProxy */;
		};
/* End PBXTargetDependency section */

/* Begin PBXVariantGroup section */
		58CB346619B9238000B50F19 /* InfoPlist.strings */ = {
			isa = PBXVariantGroup;
			children = (
				58CB346719B9238000B50F19 /* en */,
			);
			name = InfoPlist.strings;
			sourceTree = "<group>";
		};
		58CB346F19B9238000B50F19 /* Main.storyboard */ = {
			isa = PBXVariantGroup;
			children = (
				58CB347019B9238000B50F19 /* Base */,
			);
			name = Main.storyboard;
			sourceTree = "<group>";
		};
		58CB348819B9238000B50F19 /* InfoPlist.strings */ = {
			isa = PBXVariantGroup;
			children = (
				58CB348919B9238000B50F19 /* en */,
			);
			name = InfoPlist.strings;
			sourceTree = "<group>";
		};
/* End PBXVariantGroup section */

/* Begin XCBuildConfiguration section */
		58CB348D19B9238000B50F19 /* Debug */ = {
			isa = XCBuildConfiguration;
			buildSettings = {
				ALWAYS_SEARCH_USER_PATHS = NO;
				CLANG_CXX_LANGUAGE_STANDARD = "gnu++0x";
				CLANG_CXX_LIBRARY = "libc++";
				CLANG_ENABLE_MODULES = YES;
				CLANG_ENABLE_OBJC_ARC = YES;
				CLANG_WARN_BOOL_CONVERSION = YES;
				CLANG_WARN_CONSTANT_CONVERSION = YES;
				CLANG_WARN_DIRECT_OBJC_ISA_USAGE = YES_ERROR;
				CLANG_WARN_EMPTY_BODY = YES;
				CLANG_WARN_ENUM_CONVERSION = YES;
				CLANG_WARN_INT_CONVERSION = YES;
				CLANG_WARN_OBJC_ROOT_CLASS = YES_ERROR;
				CLANG_WARN__DUPLICATE_METHOD_MATCH = YES;
				"CODE_SIGN_IDENTITY[sdk=iphoneos*]" = "iPhone Developer";
				COPY_PHASE_STRIP = NO;
				GCC_C_LANGUAGE_STANDARD = gnu99;
				GCC_DYNAMIC_NO_PIC = NO;
				GCC_OPTIMIZATION_LEVEL = 0;
				GCC_PREPROCESSOR_DEFINITIONS = (
					"DEBUG=1",
					"$(inherited)",
				);
				GCC_SYMBOLS_PRIVATE_EXTERN = NO;
				GCC_WARN_64_TO_32_BIT_CONVERSION = YES;
				GCC_WARN_ABOUT_RETURN_TYPE = YES_ERROR;
				GCC_WARN_UNDECLARED_SELECTOR = YES;
				GCC_WARN_UNINITIALIZED_AUTOS = YES_AGGRESSIVE;
				GCC_WARN_UNUSED_FUNCTION = YES;
				GCC_WARN_UNUSED_VARIABLE = YES;
				IPHONEOS_DEPLOYMENT_TARGET = 7.1;
				ONLY_ACTIVE_ARCH = YES;
				SDKROOT = iphoneos;
			};
			name = Debug;
		};
		58CB348E19B9238000B50F19 /* Release */ = {
			isa = XCBuildConfiguration;
			buildSettings = {
				ALWAYS_SEARCH_USER_PATHS = NO;
				CLANG_CXX_LANGUAGE_STANDARD = "gnu++0x";
				CLANG_CXX_LIBRARY = "libc++";
				CLANG_ENABLE_MODULES = YES;
				CLANG_ENABLE_OBJC_ARC = YES;
				CLANG_WARN_BOOL_CONVERSION = YES;
				CLANG_WARN_CONSTANT_CONVERSION = YES;
				CLANG_WARN_DIRECT_OBJC_ISA_USAGE = YES_ERROR;
				CLANG_WARN_EMPTY_BODY = YES;
				CLANG_WARN_ENUM_CONVERSION = YES;
				CLANG_WARN_INT_CONVERSION = YES;
				CLANG_WARN_OBJC_ROOT_CLASS = YES_ERROR;
				CLANG_WARN__DUPLICATE_METHOD_MATCH = YES;
				"CODE_SIGN_IDENTITY[sdk=iphoneos*]" = "iPhone Developer";
				COPY_PHASE_STRIP = YES;
				ENABLE_NS_ASSERTIONS = NO;
				GCC_C_LANGUAGE_STANDARD = gnu99;
				GCC_WARN_64_TO_32_BIT_CONVERSION = YES;
				GCC_WARN_ABOUT_RETURN_TYPE = YES_ERROR;
				GCC_WARN_UNDECLARED_SELECTOR = YES;
				GCC_WARN_UNINITIALIZED_AUTOS = YES_AGGRESSIVE;
				GCC_WARN_UNUSED_FUNCTION = YES;
				GCC_WARN_UNUSED_VARIABLE = YES;
				IPHONEOS_DEPLOYMENT_TARGET = 7.1;
				SDKROOT = iphoneos;
				VALIDATE_PRODUCT = YES;
			};
			name = Release;
		};
		58CB349019B9238000B50F19 /* Debug */ = {
			isa = XCBuildConfiguration;
			buildSettings = {
				ASSETCATALOG_COMPILER_APPICON_NAME = AppIcon;
				ASSETCATALOG_COMPILER_LAUNCHIMAGE_NAME = LaunchImage;
				GCC_PRECOMPILE_PREFIX_HEADER = YES;
				GCC_PREFIX_HEADER = "FlashCard/FlashCard-Prefix.pch";
				INFOPLIST_FILE = "FlashCard/FlashCard-Info.plist";
				PRODUCT_NAME = "$(TARGET_NAME)";
				WRAPPER_EXTENSION = app;
			};
			name = Debug;
		};
		58CB349119B9238000B50F19 /* Release */ = {
			isa = XCBuildConfiguration;
			buildSettings = {
				ASSETCATALOG_COMPILER_APPICON_NAME = AppIcon;
				ASSETCATALOG_COMPILER_LAUNCHIMAGE_NAME = LaunchImage;
				GCC_PRECOMPILE_PREFIX_HEADER = YES;
				GCC_PREFIX_HEADER = "FlashCard/FlashCard-Prefix.pch";
				INFOPLIST_FILE = "FlashCard/FlashCard-Info.plist";
				PRODUCT_NAME = "$(TARGET_NAME)";
				WRAPPER_EXTENSION = app;
			};
			name = Release;
		};
		58CB349319B9238000B50F19 /* Debug */ = {
			isa = XCBuildConfiguration;
			buildSettings = {
				BUNDLE_LOADER = "$(BUILT_PRODUCTS_DIR)/FlashCard.app/FlashCard";
				FRAMEWORK_SEARCH_PATHS = (
					"$(SDKROOT)/Developer/Library/Frameworks",
					"$(inherited)",
					"$(DEVELOPER_FRAMEWORKS_DIR)",
				);
				GCC_PRECOMPILE_PREFIX_HEADER = YES;
				GCC_PREFIX_HEADER = "FlashCard/FlashCard-Prefix.pch";
				GCC_PREPROCESSOR_DEFINITIONS = (
					"DEBUG=1",
					"$(inherited)",
				);
				INFOPLIST_FILE = "FlashCardTests/FlashCardTests-Info.plist";
				PRODUCT_NAME = "$(TARGET_NAME)";
				TEST_HOST = "$(BUNDLE_LOADER)";
				WRAPPER_EXTENSION = xctest;
			};
			name = Debug;
		};
		58CB349419B9238000B50F19 /* Release */ = {
			isa = XCBuildConfiguration;
			buildSettings = {
				BUNDLE_LOADER = "$(BUILT_PRODUCTS_DIR)/FlashCard.app/FlashCard";
				FRAMEWORK_SEARCH_PATHS = (
					"$(SDKROOT)/Developer/Library/Frameworks",
					"$(inherited)",
					"$(DEVELOPER_FRAMEWORKS_DIR)",
				);
				GCC_PRECOMPILE_PREFIX_HEADER = YES;
				GCC_PREFIX_HEADER = "FlashCard/FlashCard-Prefix.pch";
				INFOPLIST_FILE = "FlashCardTests/FlashCardTests-Info.plist";
				PRODUCT_NAME = "$(TARGET_NAME)";
				TEST_HOST = "$(BUNDLE_LOADER)";
				WRAPPER_EXTENSION = xctest;
			};
			name = Release;
		};
/* End XCBuildConfiguration section */

/* Begin XCConfigurationList section */
		58CB345519B9238000B50F19 /* Build configuration list for PBXProject "FlashCard" */ = {
			isa = XCConfigurationList;
			buildConfigurations = (
				58CB348D19B9238000B50F19 /* Debug */,
				58CB348E19B9238000B50F19 /* Release */,
			);
			defaultConfigurationIsVisible = 0;
			defaultConfigurationName = Release;
		};
		58CB348F19B9238000B50F19 /* Build configuration list for PBXNativeTarget "FlashCard" */ = {
			isa = XCConfigurationList;
			buildConfigurations = (
				58CB349019B9238000B50F19 /* Debug */,
				58CB349119B9238000B50F19 /* Release */,
			);
			defaultConfigurationIsVisible = 0;
		};
		58CB349219B9238000B50F19 /* Build configuration list for PBXNativeTarget "FlashCardTests" */ = {
			isa = XCConfigurationList;
			buildConfigurations = (
				58CB349319B9238000B50F19 /* Debug */,
				58CB349419B9238000B50F19 /* Release */,
			);
			defaultConfigurationIsVisible = 0;
		};
/* End XCConfigurationList section */
	};
	rootObject = 58CB345219B9238000B50F19 /* Project object */;
}
